
Microsoft Visual Studio Solution File, Format Version 12.00
# Visual Studio 15
VisualStudioVersion = 15.0.27703.2000
MinimumVisualStudioVersion = 10.0.40219.1
Project("{FAE04EC0-301F-11D3-BF4B-00C04F79EFBC}") = "Receive", "Receive\Receive.csproj", "{FFBDF5CB-91C0-4D23-BAFB-E089E0E56E9B}"
EndProject
Global
	GlobalSection(SolutionConfigurationPlatforms) = preSolution
		Debug|Any CPU = Debug|Any CPU
		Release|Any CPU = Release|Any CPU
	EndGlobalSection
	GlobalSection(ProjectConfigurationPlatforms) = postSolution
		{FFBDF5CB-91C0-4D23-BAFB-E089E0E56E9B}.Debug|Any CPU.ActiveCfg = Debug|Any CPU
		{FFBDF5CB-91C0-4D23-BAFB-E089E0E56E9B}.Debug|Any CPU.Build.0 = Debug|Any CPU
		{FFBDF5CB-91C0-4D23-BAFB-E089E0E56E9B}.Release|Any CPU.ActiveCfg = Release|Any CPU
		{FFBDF5CB-91C0-4D23-BAFB-E089E0E56E9B}.Release|Any CPU.Build.0 = Release|Any CPU
	EndGlobalSection
	GlobalSection(SolutionProperties) = preSolution
		HideSolutionNode = FALSE
	EndGlobalSection
	GlobalSection(ExtensibilityGlobals) = postSolution
		SolutionGuid = {941100BD-4686-4B83-BD94-BEF5700EFE61}
	EndGlobalSection
EndGlobal
